
Microsoft Visual Studio Solution File, Format Version 12.00
# Visual Studio Version 17
VisualStudioVersion = 17.0.31717.71
MinimumVisualStudioVersion = 10.0.40219.1
Project("{FAE04EC0-301F-11D3-BF4B-00C04F79EFBC}") = "TurtleAndHare", "TurtleAndHare\TurtleAndHare.csproj", "{79A8932E-4160-417D-AD26-6A38D53AFEFD}"
EndProject
Global
	GlobalSection(SolutionConfigurationPlatforms) = preSolution
		Debug|Any CPU = Debug|Any CPU
		Release|Any CPU = Release|Any CPU
	EndGlobalSection
	GlobalSection(ProjectConfigurationPlatforms) = postSolution
		{79A8932E-4160-417D-AD26-6A38D53AFEFD}.Debug|Any CPU.ActiveCfg = Debug|Any CPU
		{79A8932E-4160-417D-AD26-6A38D53AFEFD}.Debug|Any CPU.Build.0 = Debug|Any CPU
		{79A8932E-4160-417D-AD26-6A38D53AFEFD}.Release|Any CPU.ActiveCfg = Release|Any CPU
		{79A8932E-4160-417D-AD26-6A38D53AFEFD}.Release|Any CPU.Build.0 = Release|Any CPU
	EndGlobalSection
	GlobalSection(SolutionProperties) = preSolution
		HideSolutionNode = FALSE
	EndGlobalSection
	GlobalSection(ExtensibilityGlobals) = postSolution
		SolutionGuid = {0B42DBAF-E177-4171-ABF6-D6C31742E43E}
	EndGlobalSection
EndGlobal
